// !$*UTF8*$!
{
	archiveVersion = 1;
	classes = {
	};
	objectVersion = 46;
	objects = {

/* Begin PBXBuildFile section */
		DC8998FE1A8943A5002FECC3 /* main.m in Sources */ = {isa = PBXBuildFile; fileRef = DC8998FD1A8943A5002FECC3 /* main.m */; };
		DC8999011A8943A5002FECC3 /* AppDelegate.m in Sources */ = {isa = PBXBuildFile; fileRef = DC8999001A8943A5002FECC3 /* AppDelegate.m */; };
		DC8999071A8943A5002FECC3 /* Main.storyboard in Resources */ = {isa = PBXBuildFile; fileRef = DC8999051A8943A5002FECC3 /* Main.storyboard */; };
		DC8999091A8943A5002FECC3 /* Images.xcassets in Resources */ = {isa = PBXBuildFile; fileRef = DC8999081A8943A5002FECC3 /* Images.xcassets */; };
		DC89990C1A8943A5002FECC3 /* LaunchScreen.xib in Resources */ = {isa = PBXBuildFile; fileRef = DC89990A1A8943A5002FECC3 /* LaunchScreen.xib */; };
		DC8999181A8943A5002FECC3 /* RefreshControlExampleTests.m in Sources */ = {isa = PBXBuildFile; fileRef = DC8999171A8943A5002FECC3 /* RefreshControlExampleTests.m */; };
		DC8999231A894404002FECC3 /* ExampleTableViewController.m in Sources */ = {isa = PBXBuildFile; fileRef = DC8999221A894404002FECC3 /* ExampleTableViewController.m */; };
		DC8999261A89532B002FECC3 /* CustomTableViewCell.m in Sources */ = {isa = PBXBuildFile; fileRef = DC8999251A89532B002FECC3 /* CustomTableViewCell.m */; };
/* End PBXBuildFile section */

/* Begin PBXContainerItemProxy section */
		DC8999121A8943A5002FECC3 /* PBXContainerItemProxy */ = {
			isa = PBXContainerItemProxy;
			containerPortal = DC8998F01A8943A5002FECC3 /* Project object */;
			proxyType = 1;
			remoteGlobalIDString = DC8998F71A8943A5002FECC3;
			remoteInfo = RefreshControlExample;
		};
/* End PBXContainerItemProxy section */

/* Begin PBXFileReference section */
		DC8998F81A8943A5002FECC3 /* RefreshControlExample.app */ = {isa = PBXFileReference; explicitFileType = wrapper.application; includeInIndex = 0; path = RefreshControlExample.app; sourceTree = BUILT_PRODUCTS_DIR; };
		DC8998FC1A8943A5002FECC3 /* Info.plist */ = {isa = PBXFileReference; lastKnownFileType = text.plist.xml; path = Info.plist; sourceTree = "<group>"; };
		DC8998FD1A8943A5002FECC3 /* main.m */ = {isa = PBXFileReference; lastKnownFileType = sourcecode.c.objc; path = main.m; sourceTree = "<group>"; };
		DC8998FF1A8943A5002FECC3 /* AppDelegate.h */ = {isa = PBXFileReference; lastKnownFileType = sourcecode.c.h; path = AppDelegate.h; sourceTree = "<group>"; };
		DC8999001A8943A5002FECC3 /* AppDelegate.m */ = {isa = PBXFileReference; lastKnownFileType = sourcecode.c.objc; path = AppDelegate.m; sourceTree = "<group>"; };
		DC8999061A8943A5002FECC3 /* Base */ = {isa = PBXFileReference; lastKnownFileType = file.storyboard; name = Base; path = Base.lproj/Main.storyboard; sourceTree = "<group>"; };
		DC8999081A8943A5002FECC3 /* Images.xcassets */ = {isa = PBXFileReference; lastKnownFileType = folder.assetcatalog; path = Images.xcassets; sourceTree = "<group>"; };
		DC89990B1A8943A5002FECC3 /* Base */ = {isa = PBXFileReference; lastKnownFileType = file.xib; name = Base; path = Base.lproj/LaunchScreen.xib; sourceTree = "<group>"; };
		DC8999111A8943A5002FECC3 /* RefreshControlExampleTests.xctest */ = {isa = PBXFileReference; explicitFileType = wrapper.cfbundle; includeInIndex = 0; path = RefreshControlExampleTests.xctest; sourceTree = BUILT_PRODUCTS_DIR; };
		DC8999161A8943A5002FECC3 /* Info.plist */ = {isa = PBXFileReference; lastKnownFileType = text.plist.xml; path = Info.plist; sourceTree = "<group>"; };
		DC8999171A8943A5002FECC3 /* RefreshControlExampleTests.m */ = {isa = PBXFileReference; lastKnownFileType = sourcecode.c.objc; path = RefreshControlExampleTests.m; sourceTree = "<group>"; };
		DC8999211A894404002FECC3 /* ExampleTableViewController.h */ = {isa = PBXFileReference; fileEncoding = 4; lastKnownFileType = sourcecode.c.h; path = ExampleTableViewController.h; sourceTree = "<group>"; };
		DC8999221A894404002FECC3 /* ExampleTableViewController.m */ = {isa = PBXFileReference; fileEncoding = 4; lastKnownFileType = sourcecode.c.objc; path = ExampleTableViewController.m; sourceTree = "<group>"; };
		DC8999241A89532B002FECC3 /* CustomTableViewCell.h */ = {isa = PBXFileReference; fileEncoding = 4; lastKnownFileType = sourcecode.c.h; path = CustomTableViewCell.h; sourceTree = "<group>"; };
		DC8999251A89532B002FECC3 /* CustomTableViewCell.m */ = {isa = PBXFileReference; fileEncoding = 4; lastKnownFileType = sourcecode.c.objc; path = CustomTableViewCell.m; sourceTree = "<group>"; };
/* End PBXFileReference section */

/* Begin PBXFrameworksBuildPhase section */
		DC8998F51A8943A5002FECC3 /* Frameworks */ = {
			isa = PBXFrameworksBuildPhase;
			buildActionMask = 2147483647;
			files = (
			);
			runOnlyForDeploymentPostprocessing = 0;
		};
		DC89990E1A8943A5002FECC3 /* Frameworks */ = {
			isa = PBXFrameworksBuildPhase;
			buildActionMask = 2147483647;
			files = (
			);
			runOnlyForDeploymentPostprocessing = 0;
		};
/* End PBXFrameworksBuildPhase section */

/* Begin PBXGroup section */
		DC8998EF1A8943A5002FECC3 = {
			isa = PBXGroup;
			children = (
				DC8998FA1A8943A5002FECC3 /* RefreshControlExample */,
				DC8999141A8943A5002FECC3 /* RefreshControlExampleTests */,
				DC8998F91A8943A5002FECC3 /* Products */,
			);
			sourceTree = "<group>";
		};
		DC8998F91A8943A5002FECC3 /* Products */ = {
			isa = PBXGroup;
			children = (
				DC8998F81A8943A5002FECC3 /* RefreshControlExample.app */,
				DC8999111A8943A5002FECC3 /* RefreshControlExampleTests.xctest */,
			);
			name = Products;
			sourceTree = "<group>";
		};
		DC8998FA1A8943A5002FECC3 /* RefreshControlExample */ = {
			isa = PBXGroup;
			children = (
				DC8998FF1A8943A5002FECC3 /* AppDelegate.h */,
				DC8999001A8943A5002FECC3 /* AppDelegate.m */,
				DC8999051A8943A5002FECC3 /* Main.storyboard */,
				DC8999081A8943A5002FECC3 /* Images.xcassets */,
				DC89990A1A8943A5002FECC3 /* LaunchScreen.xib */,
				DC8998FB1A8943A5002FECC3 /* Supporting Files */,
				DC8999211A894404002FECC3 /* ExampleTableViewController.h */,
				DC8999221A894404002FECC3 /* ExampleTableViewController.m */,
				DC8999241A89532B002FECC3 /* CustomTableViewCell.h */,
				DC8999251A89532B002FECC3 /* CustomTableViewCell.m */,
			);
			path = RefreshControlExample;
			sourceTree = "<group>";
		};
		DC8998FB1A8943A5002FECC3 /* Supporting Files */ = {
			isa = PBXGroup;
			children = (
				DC8998FC1A8943A5002FECC3 /* Info.plist */,
				DC8998FD1A8943A5002FECC3 /* main.m */,
			);
			name = "Supporting Files";
			sourceTree = "<group>";
		};
		DC8999141A8943A5002FECC3 /* RefreshControlExampleTests */ = {
			isa = PBXGroup;
			children = (
				DC8999171A8943A5002FECC3 /* RefreshControlExampleTests.m */,
				DC8999151A8943A5002FECC3 /* Supporting Files */,
			);
			path = RefreshControlExampleTests;
			sourceTree = "<group>";
		};
		DC8999151A8943A5002FECC3 /* Supporting Files */ = {
			isa = PBXGroup;
			children = (
				DC8999161A8943A5002FECC3 /* Info.plist */,
			);
			name = "Supporting Files";
			sourceTree = "<group>";
		};
/* End PBXGroup section */

/* Begin PBXNativeTarget section */
		DC8998F71A8943A5002FECC3 /* RefreshControlExample */ = {
			isa = PBXNativeTarget;
			buildConfigurationList = DC89991B1A8943A5002FECC3 /* Build configuration list for PBXNativeTarget "RefreshControlExample" */;
			buildPhases = (
				DC8998F41A8943A5002FECC3 /* Sources */,
				DC8998F51A8943A5002FECC3 /* Frameworks */,
				DC8998F61A8943A5002FECC3 /* Resources */,
			);
			buildRules = (
			);
			dependencies = (
			);
			name = RefreshControlExample;
			productName = RefreshControlExample;
			productReference = DC8998F81A8943A5002FECC3 /* RefreshControlExample.app */;
			productType = "com.apple.product-type.application";
		};
		DC8999101A8943A5002FECC3 /* RefreshControlExampleTests */ = {
			isa = PBXNativeTarget;
			buildConfigurationList = DC89991E1A8943A5002FECC3 /* Build configuration list for PBXNativeTarget "RefreshControlExampleTests" */;
			buildPhases = (
				DC89990D1A8943A5002FECC3 /* Sources */,
				DC89990E1A8943A5002FECC3 /* Frameworks */,
				DC89990F1A8943A5002FECC3 /* Resources */,
			);
			buildRules = (
			);
			dependencies = (
				DC8999131A8943A5002FECC3 /* PBXTargetDependency */,
			);
			name = RefreshControlExampleTests;
			productName = RefreshControlExampleTests;
			productReference = DC8999111A8943A5002FECC3 /* RefreshControlExampleTests.xctest */;
			productType = "com.apple.product-type.bundle.unit-test";
		};
/* End PBXNativeTarget section */

/* Begin PBXProject section */
		DC8998F01A8943A5002FECC3 /* Project object */ = {
			isa = PBXProject;
			attributes = {
				LastUpgradeCheck = 0610;
				ORGANIZATIONNAME = "Adam Johns";
				TargetAttributes = {
					DC8998F71A8943A5002FECC3 = {
						CreatedOnToolsVersion = 6.1.1;
					};
					DC8999101A8943A5002FECC3 = {
						CreatedOnToolsVersion = 6.1.1;
						TestTargetID = DC8998F71A8943A5002FECC3;
					};
				};
			};
			buildConfigurationList = DC8998F31A8943A5002FECC3 /* Build configuration list for PBXProject "RefreshControlExample" */;
			compatibilityVersion = "Xcode 3.2";
			developmentRegion = English;
			hasScannedForEncodings = 0;
			knownRegions = (
				en,
				Base,
			);
			mainGroup = DC8998EF1A8943A5002FECC3;
			productRefGroup = DC8998F91A8943A5002FECC3 /* Products */;
			projectDirPath = "";
			projectRoot = "";
			targets = (
				DC8998F71A8943A5002FECC3 /* RefreshControlExample */,
				DC8999101A8943A5002FECC3 /* RefreshControlExampleTests */,
			);
		};
/* End PBXProject section */

/* Begin PBXResourcesBuildPhase section */
		DC8998F61A8943A5002FECC3 /* Resources */ = {
			isa = PBXResourcesBuildPhase;
			buildActionMask = 2147483647;
			files = (
				DC8999071A8943A5002FECC3 /* Main.storyboard in Resources */,
				DC89990C1A8943A5002FECC3 /* LaunchScreen.xib in Resources */,
				DC8999091A8943A5002FECC3 /* Images.xcassets in Resources */,
			);
			runOnlyForDeploymentPostprocessing = 0;
		};
		DC89990F1A8943A5002FECC3 /* Resources */ = {
			isa = PBXResourcesBuildPhase;
			buildActionMask = 2147483647;
			files = (
			);
			runOnlyForDeploymentPostprocessing = 0;
		};
/* End PBXResourcesBuildPhase section */

/* Begin PBXSourcesBuildPhase section */
		DC8998F41A8943A5002FECC3 /* Sources */ = {
			isa = PBXSourcesBuildPhase;
			buildActionMask = 2147483647;
			files = (
				DC8999231A894404002FECC3 /* ExampleTableViewController.m in Sources */,
				DC8999011A8943A5002FECC3 /* AppDelegate.m in Sources */,
				DC8999261A89532B002FECC3 /* CustomTableViewCell.m in Sources */,
				DC8998FE1A8943A5002FECC3 /* main.m in Sources */,
			);
			runOnlyForDeploymentPostprocessing = 0;
		};
		DC89990D1A8943A5002FECC3 /* Sources */ = {
			isa = PBXSourcesBuildPhase;
			buildActionMask = 2147483647;
			files = (
				DC8999181A8943A5002FECC3 /* RefreshControlExampleTests.m in Sources */,
			);
			runOnlyForDeploymentPostprocessing = 0;
		};
/* End PBXSourcesBuildPhase section */

/* Begin PBXTargetDependency section */
		DC8999131A8943A5002FECC3 /* PBXTargetDependency */ = {
			isa = PBXTargetDependency;
			target = DC8998F71A8943A5002FECC3 /* RefreshControlExample */;
			targetProxy = DC8999121A8943A5002FECC3 /* PBXContainerItemProxy */;
		};
/* End PBXTargetDependency section */

/* Begin PBXVariantGroup section */
		DC8999051A8943A5002FECC3 /* Main.storyboard */ = {
			isa = PBXVariantGroup;
			children = (
				DC8999061A8943A5002FECC3 /* Base */,
			);
			name = Main.storyboard;
			sourceTree = "<group>";
		};
		DC89990A1A8943A5002FECC3 /* LaunchScreen.xib */ = {
			isa = PBXVariantGroup;
			children = (
				DC89990B1A8943A5002FECC3 /* Base */,
			);
			name = LaunchScreen.xib;
			sourceTree = "<group>";
		};
/* End PBXVariantGroup section */

/* Begin XCBuildConfiguration section */
		DC8999191A8943A5002FECC3 /* Debug */ = {
			isa = XCBuildConfiguration;
			buildSettings = {
				ALWAYS_SEARCH_USER_PATHS = NO;
				CLANG_CXX_LANGUAGE_STANDARD = "gnu++0x";
				CLANG_CXX_LIBRARY = "libc++";
				CLANG_ENABLE_MODULES = YES;
				CLANG_ENABLE_OBJC_ARC = YES;
				CLANG_WARN_BOOL_CONVERSION = YES;
				CLANG_WARN_CONSTANT_CONVERSION = YES;
				CLANG_WARN_DIRECT_OBJC_ISA_USAGE = YES_ERROR;
				CLANG_WARN_EMPTY_BODY = YES;
				CLANG_WARN_ENUM_CONVERSION = YES;
				CLANG_WARN_INT_CONVERSION = YES;
				CLANG_WARN_OBJC_ROOT_CLASS = YES_ERROR;
				CLANG_WARN_UNREACHABLE_CODE = YES;
				CLANG_WARN__DUPLICATE_METHOD_MATCH = YES;
				"CODE_SIGN_IDENTITY[sdk=iphoneos*]" = "iPhone Developer";
				COPY_PHASE_STRIP = NO;
				ENABLE_STRICT_OBJC_MSGSEND = YES;
				GCC_C_LANGUAGE_STANDARD = gnu99;
				GCC_DYNAMIC_NO_PIC = NO;
				GCC_OPTIMIZATION_LEVEL = 0;
				GCC_PREPROCESSOR_DEFINITIONS = (
					"DEBUG=1",
					"$(inherited)",
				);
				GCC_SYMBOLS_PRIVATE_EXTERN = NO;
				GCC_WARN_64_TO_32_BIT_CONVERSION = YES;
				GCC_WARN_ABOUT_RETURN_TYPE = YES_ERROR;
				GCC_WARN_UNDECLARED_SELECTOR = YES;
				GCC_WARN_UNINITIALIZED_AUTOS = YES_AGGRESSIVE;
				GCC_WARN_UNUSED_FUNCTION = YES;
				GCC_WARN_UNUSED_VARIABLE = YES;
				IPHONEOS_DEPLOYMENT_TARGET = 8.1;
				MTL_ENABLE_DEBUG_INFO = YES;
				ONLY_ACTIVE_ARCH = YES;
				SDKROOT = iphoneos;
				TARGETED_DEVICE_FAMILY = "1,2";
			};
			name = Debug;
		};
		DC89991A1A8943A5002FECC3 /* Release */ = {
			isa = XCBuildConfiguration;
			buildSettings = {
				ALWAYS_SEARCH_USER_PATHS = NO;
				CLANG_CXX_LANGUAGE_STANDARD = "gnu++0x";
				CLANG_CXX_LIBRARY = "libc++";
				CLANG_ENABLE_MODULES = YES;
				CLANG_ENABLE_OBJC_ARC = YES;
				CLANG_WARN_BOOL_CONVERSION = YES;
				CLANG_WARN_CONSTANT_CONVERSION = YES;
				CLANG_WARN_DIRECT_OBJC_ISA_USAGE = YES_ERROR;
				CLANG_WARN_EMPTY_BODY = YES;
				CLANG_WARN_ENUM_CONVERSION = YES;
				CLANG_WARN_INT_CONVERSION = YES;
				CLANG_WARN_OBJC_ROOT_CLASS = YES_ERROR;
				CLANG_WARN_UNREACHABLE_CODE = YES;
				CLANG_WARN__DUPLICATE_METHOD_MATCH = YES;
				"CODE_SIGN_IDENTITY[sdk=iphoneos*]" = "iPhone Developer";
				COPY_PHASE_STRIP = YES;
				ENABLE_NS_ASSERTIONS = NO;
				ENABLE_STRICT_OBJC_MSGSEND = YES;
				GCC_C_LANGUAGE_STANDARD = gnu99;
				GCC_WARN_64_TO_32_BIT_CONVERSION = YES;
				GCC_WARN_ABOUT_RETURN_TYPE = YES_ERROR;
				GCC_WARN_UNDECLARED_SELECTOR = YES;
				GCC_WARN_UNINITIALIZED_AUTOS = YES_AGGRESSIVE;
				GCC_WARN_UNUSED_FUNCTION = YES;
				GCC_WARN_UNUSED_VARIABLE = YES;
				IPHONEOS_DEPLOYMENT_TARGET = 8.1;
				MTL_ENABLE_DEBUG_INFO = NO;
				SDKROOT = iphoneos;
				TARGETED_DEVICE_FAMILY = "1,2";
				VALIDATE_PRODUCT = YES;
			};
			name = Release;
		};
		DC89991C1A8943A5002FECC3 /* Debug */ = {
			isa = XCBuildConfiguration;
			buildSettings = {
				ASSETCATALOG_COMPILER_APPICON_NAME = AppIcon;
				ASSETCATALOG_COMPILER_LAUNCHIMAGE_NAME = LaunchImage;
				INFOPLIST_FILE = RefreshControlExample/Info.plist;
				IPHONEOS_DEPLOYMENT_TARGET = 7.0;
				LD_RUNPATH_SEARCH_PATHS = "$(inherited) @executable_path/Frameworks";
				PRODUCT_NAME = "$(TARGET_NAME)";
			};
			name = Debug;
		};
		DC89991D1A8943A5002FECC3 /* Release */ = {
			isa = XCBuildConfiguration;
			buildSettings = {
				ASSETCATALOG_COMPILER_APPICON_NAME = AppIcon;
				ASSETCATALOG_COMPILER_LAUNCHIMAGE_NAME = LaunchImage;
				INFOPLIST_FILE = RefreshControlExample/Info.plist;
				IPHONEOS_DEPLOYMENT_TARGET = 7.0;
				LD_RUNPATH_SEARCH_PATHS = "$(inherited) @executable_path/Frameworks";
				PRODUCT_NAME = "$(TARGET_NAME)";
			};
			name = Release;
		};
		DC89991F1A8943A5002FECC3 /* Debug */ = {
			isa = XCBuildConfiguration;
			buildSettings = {
				BUNDLE_LOADER = "$(TEST_HOST)";
				FRAMEWORK_SEARCH_PATHS = (
					"$(SDKROOT)/Developer/Library/Frameworks",
					"$(inherited)",
				);
				GCC_PREPROCESSOR_DEFINITIONS = (
					"DEBUG=1",
					"$(inherited)",
				);
				INFOPLIST_FILE = RefreshControlExampleTests/Info.plist;
				LD_RUNPATH_SEARCH_PATHS = "$(inherited) @executable_path/Frameworks @loader_path/Frameworks";
				PRODUCT_NAME = "$(TARGET_NAME)";
				TEST_HOST = "$(BUILT_PRODUCTS_DIR)/RefreshControlExample.app/RefreshControlExample";
			};
			name = Debug;
		};
		DC8999201A8943A5002FECC3 /* Release */ = {
			isa = XCBuildConfiguration;
			buildSettings = {
				BUNDLE_LOADER = "$(TEST_HOST)";
				FRAMEWORK_SEARCH_PATHS = (
					"$(SDKROOT)/Developer/Library/Frameworks",
					"$(inherited)",
				);
				INFOPLIST_FILE = RefreshControlExampleTests/Info.plist;
				LD_RUNPATH_SEARCH_PATHS = "$(inherited) @executable_path/Frameworks @loader_path/Frameworks";
				PRODUCT_NAME = "$(TARGET_NAME)";
				TEST_HOST = "$(BUILT_PRODUCTS_DIR)/RefreshControlExample.app/RefreshControlExample";
			};
			name = Release;
		};
/* End XCBuildConfiguration section */

/* Begin XCConfigurationList section */
		DC8998F31A8943A5002FECC3 /* Build configuration list for PBXProject "RefreshControlExample" */ = {
			isa = XCConfigurationList;
			buildConfigurations = (
				DC8999191A8943A5002FECC3 /* Debug */,
				DC89991A1A8943A5002FECC3 /* Release */,
			);
			defaultConfigurationIsVisible = 0;
			defaultConfigurationName = Release;
		};
		DC89991B1A8943A5002FECC3 /* Build configuration list for PBXNativeTarget "RefreshControlExample" */ = {
			isa = XCConfigurationList;
			buildConfigurations = (
				DC89991C1A8943A5002FECC3 /* Debug */,
				DC89991D1A8943A5002FECC3 /* Release */,
			);
			defaultConfigurationIsVisible = 0;
		};
		DC89991E1A8943A5002FECC3 /* Build configuration list for PBXNativeTarget "RefreshControlExampleTests" */ = {
			isa = XCConfigurationList;
			buildConfigurations = (
				DC89991F1A8943A5002FECC3 /* Debug */,
				DC8999201A8943A5002FECC3 /* Release */,
			);
			defaultConfigurationIsVisible = 0;
		};
/* End XCConfigurationList section */
	};
	rootObject = DC8998F01A8943A5002FECC3 /* Project object */;
}
